Microsoft Visual Studio Solution File, Format Version 12.00
# Visual Studio Version 17
VisualStudioVersion = 17.12.35707.178 d17.12
MinimumVisualStudioVersion = 10.0.40219.1
Project("{FAE04EC0-301F-11D3-BF4B-00C04F79EFBC}") = "eUseControl.Web", "eUseControl.Web\eUseControl.Web.csproj", "{37CF98EE-697F-4AC7-96B3-B2717EB85FA1}"
	ProjectSection(ProjectDependencies) = postProject
		{013F9A14-7FF3-4C6C-BA6C-46B06FED0B99} = {013F9A14-7FF3-4C6C-BA6C-46B06FED0B99}
		{4189E199-5CCC-4D54-848D-E2BF8DA573D2} = {4189E199-5CCC-4D54-848D-E2BF8DA573D2}
	EndProjectSection
EndProject
Project("{FAE04EC0-301F-11D3-BF4B-00C04F79EFBC}") = "eUseControl.BusinessLogic", "eUseControl.BusinessLogic\eUseControl.BusinessLogic.csproj", "{4189E199-5CCC-4D54-848D-E2BF8DA573D2}"
	ProjectSection(ProjectDependencies) = postProject
		{013F9A14-7FF3-4C6C-BA6C-46B06FED0B99} = {013F9A14-7FF3-4C6C-BA6C-46B06FED0B99}
		{CB40C91D-4585-4343-A8E8-EFB20AEEC8BD} = {CB40C91D-4585-4343-A8E8-EFB20AEEC8BD}
	EndProjectSection
EndProject
Project("{FAE04EC0-301F-11D3-BF4B-00C04F79EFBC}") = "eUseControl.Data", "eUseControl.Data\eUseControl.Data.csproj", "{013F9A14-7FF3-4C6C-BA6C-46B06FED0B99}"
	ProjectSection(ProjectDependencies) = postProject
		{437FD447-44DE-4893-AE7A-286647DA4DB7} = {437FD447-44DE-4893-AE7A-286647DA4DB7}
	EndProjectSection
EndProject
Project("{FAE04EC0-301F-11D3-BF4B-00C04F79EFBC}") = "eUseControl.Domain", "eUseControl.Domain\eUseControl.Domain.csproj", "{437FD447-44DE-4893-AE7A-286647DA4DB7}"
EndProject
Project("{FAE04EC0-301F-11D3-BF4B-00C04F79EFBC}") = "eUseControl.Helpers", "eUseControl.Helpers\eUseControl.Helpers.csproj", "{CB40C91D-4585-4343-A8E8-EFB20AEEC8BD}"
EndProject
Global
	GlobalSection(SolutionConfigurationPlatforms) = preSolution
		Debug|Any CPU = Debug|Any CPU
		Release|Any CPU = Release|Any CPU
	EndGlobalSection
	GlobalSection(ProjectConfigurationPlatforms) = postSolution
		{37CF98EE-697F-4AC7-96B3-B2717EB85FA1}.Debug|Any CPU.ActiveCfg = Debug|Any CPU
		{37CF98EE-697F-4AC7-96B3-B2717EB85FA1}.Debug|Any CPU.Build.0 = Debug|Any CPU
		{37CF98EE-697F-4AC7-96B3-B2717EB85FA1}.Release|Any CPU.ActiveCfg = Release|Any CPU
		{37CF98EE-697F-4AC7-96B3-B2717EB85FA1}.Release|Any CPU.Build.0 = Release|Any CPU
		{4189E199-5CCC-4D54-848D-E2BF8DA573D2}.Debug|Any CPU.ActiveCfg = Debug|Any CPU
		{4189E199-5CCC-4D54-848D-E2BF8DA573D2}.Debug|Any CPU.Build.0 = Debug|Any CPU
		{4189E199-5CCC-4D54-848D-E2BF8DA573D2}.Release|Any CPU.ActiveCfg = Release|Any CPU
		{4189E199-5CCC-4D54-848D-E2BF8DA573D2}.Release|Any CPU.Build.0 = Release|Any CPU
		{013F9A14-7FF3-4C6C-BA6C-46B06FED0B99}.Debug|Any CPU.ActiveCfg = Debug|Any CPU
		{013F9A14-7FF3-4C6C-BA6C-46B06FED0B99}.Debug|Any CPU.Build.0 = Debug|Any CPU
		{013F9A14-7FF3-4C6C-BA6C-46B06FED0B99}.Release|Any CPU.ActiveCfg = Release|Any CPU
		{013F9A14-7FF3-4C6C-BA6C-46B06FED0B99}.Release|Any CPU.Build.0 = Release|Any CPU
		{437FD447-44DE-4893-AE7A-286647DA4DB7}.Debug|Any CPU.ActiveCfg = Debug|Any CPU
		{437FD447-44DE-4893-AE7A-286647DA4DB7}.Debug|Any CPU.Build.0 = Debug|Any CPU
		{437FD447-44DE-4893-AE7A-286647DA4DB7}.Release|Any CPU.ActiveCfg = Release|Any CPU
		{437FD447-44DE-4893-AE7A-286647DA4DB7}.Release|Any CPU.Build.0 = Release|Any CPU
		{CB40C91D-4585-4343-A8E8-EFB20AEEC8BD}.Debug|Any CPU.ActiveCfg = Debug|Any CPU
		{CB40C91D-4585-4343-A8E8-EFB20AEEC8BD}.Debug|Any CPU.Build.0 = Debug|Any CPU
		{CB40C91D-4585-4343-A8E8-EFB20AEEC8BD}.Release|Any CPU.ActiveCfg = Release|Any CPU
		{CB40C91D-4585-4343-A8E8-EFB20AEEC8BD}.Release|Any CPU.Build.0 = Release|Any CPU
	EndGlobalSection
	GlobalSection(SolutionProperties) = preSolution
		HideSolutionNode = FALSE
	EndGlobalSection
	GlobalSection(ExtensibilityGlobals) = postSolution
		SolutionGuid = {F8B8B8B8-B8B8-B8B8-B8B8-B8B8B8B8B8B8}
	EndGlobalSection
EndGlobal
